Microsoft Visual Studio Solution File, Format Version 12.00
# Visual Studio Version 17
VisualStudioVersion = 17.5.2.0
MinimumVisualStudioVersion = 10.0.40219.1
Project("{FAE04EC0-301F-11D3-BF4B-00C04F79EFBC}") = "BlindMatchPAS", "BlindMatchPAS\BlindMatchPAS.csproj", "{489D8556-EE84-60B5-AE6B-0A97A1275E99}"
EndProject
Project("{FAE04EC0-301F-11D3-BF4B-00C04F79EFBC}") = "BlindMatchPAS.Tests", "BlindMatchPAS.Tests\BlindMatchPAS.Tests.csproj", "{9D553330-F3B9-5FE8-F31F-D91767A23246}"
EndProject
Global
	GlobalSection(SolutionConfigurationPlatforms) = preSolution
		Debug|Any CPU = Debug|Any CPU
		Release|Any CPU = Release|Any CPU
	EndGlobalSection
	GlobalSection(ProjectConfigurationPlatforms) = postSolution
		{489D8556-EE84-60B5-AE6B-0A97A1275E99}.Debug|Any CPU.ActiveCfg = Debug|Any CPU
		{489D8556-EE84-60B5-AE6B-0A97A1275E99}.Debug|Any CPU.Build.0 = Debug|Any CPU
		{489D8556-EE84-60B5-AE6B-0A97A1275E99}.Release|Any CPU.ActiveCfg = Release|Any CPU
		{489D8556-EE84-60B5-AE6B-0A97A1275E99}.Release|Any CPU.Build.0 = Release|Any CPU
		{9D553330-F3B9-5FE8-F31F-D91767A23246}.Debug|Any CPU.ActiveCfg = Debug|Any CPU
		{9D553330-F3B9-5FE8-F31F-D91767A23246}.Debug|Any CPU.Build.0 = Debug|Any CPU
		{9D553330-F3B9-5FE8-F31F-D91767A23246}.Release|Any CPU.ActiveCfg = Release|Any CPU
		{9D553330-F3B9-5FE8-F31F-D91767A23246}.Release|Any CPU.Build.0 = Release|Any CPU
	EndGlobalSection
	GlobalSection(SolutionProperties) = preSolution
		HideSolutionNode = FALSE
	EndGlobalSection
	GlobalSection(ExtensibilityGlobals) = postSolution
		SolutionGuid = {AD41D9D0-4FE0-4807-8424-28E96E4BC953}
	EndGlobalSection
EndGlobal
